<?xml version="1.0" encoding="utf-8"?>
<Project ToolsVersion="4.0" xmlns="http://schemas.microsoft.com/developer/msbuild/2003">
  <ItemGroup>
    <Filter Include="源文件">
      <UniqueIdentifier>{4FC737F1-C7A5-4376-A066-2A32D752A2FF}</UniqueIdentifier>
      <Extensions>cpp;c;cc;cxx;c++;cppm;ixx;def;odl;idl;hpj;bat;asm;asmx</Extensions>
    </Filter>
    <Filter Include="头文件">
      <UniqueIdentifier>{93995380-89BD-4b04-88EB-625FBE52EBFB}</UniqueIdentifier>
      <Extensions>h;hh;hpp;hxx;h++;hm;inl;inc;ipp;xsd</Extensions>
    </Filter>
    <Filter Include="资源文件">
      <UniqueIdentifier>{67DA6AB6-F800-4c08-8B7A-83BB121AAD01}</UniqueIdentifier>
      <Extensions>rc;ico;cur;bmp;dlg;rc2;rct;bin;rgs;gif;jpg;jpeg;jpe;resx;tiff;tif;png;wav;mfcribbon-ms</Extensions>
    </Filter>
    <Filter Include="源文件\Button">
      <UniqueIdentifier>{156157f3-94a4-423b-826f-0f45ae224123}</UniqueIdentifier>
    </Filter>
    <Filter Include="头文件\Button">
      <UniqueIdentifier>{6d50d3e3-d239-4b57-9599-dcf1646db1ef}</UniqueIdentifier>
    </Filter>
    <Filter Include="头文件\Animation">
      <UniqueIdentifier>{f82a6138-3fbb-4780-a6f4-238094dfdbd3}</UniqueIdentifier>
    </Filter>
    <Filter Include="源文件\Animation">
      <UniqueIdentifier>{647a0304-4083-48ef-afba-1d6f5e7d1f7c}</UniqueIdentifier>
    </Filter>
  </ItemGroup>
  <ItemGroup>
    <ClCompile Include="main.cpp">
      <Filter>源文件</Filter>
    </ClCompile>
    <ClCompile Include="player.cpp">
      <Filter>源文件</Filter>
    </ClCompile>
    <ClCompile Include="Userdata.cpp">
      <Filter>源文件</Filter>
    </ClCompile>
    <ClCompile Include="RandBlock.cpp">
      <Filter>源文件</Filter>
    </ClCompile>
    <ClCompile Include="Button.cpp">
      <Filter>源文件\Button</Filter>
    </ClCompile>
    <ClCompile Include="LoadGameButton.cpp">
      <Filter>源文件\Button</Filter>
    </ClCompile>
    <ClCompile Include="QuitGameButton.cpp">
      <Filter>源文件\Button</Filter>
    </ClCompile>
    <ClCompile Include="RegisterGameButtom.cpp">
      <Filter>源文件\Button</Filter>
    </ClCompile>
    <ClCompile Include="StartGameButton.cpp">
      <Filter>源文件\Button</Filter>
    </ClCompile>
    <ClCompile Include="IntiButton.cpp">
      <Filter>源文件\Button</Filter>
    </ClCompile>
    <ClCompile Include="Animation.cpp">
      <Filter>源文件\Animation</Filter>
    </ClCompile>
    <ClCompile Include="PlayerAnimation.cpp">
      <Filter>源文件\Animation</Filter>
    </ClCompile>
    <ClCompile Include="BackgroundAnimationcpp.cpp">
      <Filter>源文件\Animation</Filter>
    </ClCompile>
    <ClCompile Include="InitGame.cpp">
      <Filter>源文件</Filter>
    </ClCompile>
  </ItemGroup>
  <ItemGroup>
    <ClInclude Include="basic.h">
      <Filter>头文件</Filter>
    </ClInclude>
    <ClInclude Include="Userdata.h">
      <Filter>头文件</Filter>
    </ClInclude>
    <ClInclude Include="RandBlock.h">
      <Filter>头文件</Filter>
    </ClInclude>
    <ClInclude Include="player.h">
      <Filter>头文件</Filter>
    </ClInclude>
    <ClInclude Include="basicButton.h">
      <Filter>头文件\Button</Filter>
    </ClInclude>
    <ClInclude Include="specialButton.h">
      <Filter>头文件\Button</Filter>
    </ClInclude>
    <ClInclude Include="InitButton.h">
      <Filter>头文件\Button</Filter>
    </ClInclude>
    <ClInclude Include="Animation.h">
      <Filter>头文件\Animation</Filter>
    </ClInclude>
    <ClInclude Include="PlayerAnimation.h">
      <Filter>头文件\Animation</Filter>
    </ClInclude>
    <ClInclude Include="BackgroundAnimation.h">
      <Filter>头文件\Animation</Filter>
    </ClInclude>
    <ClInclude Include="InitGame.h">
      <Filter>头文件\Button</Filter>
    </ClInclude>
  </ItemGroup>
  <ItemGroup>
    <None Include="cpp.hint" />
  </ItemGroup>
</Project>